
Microsoft Visual Studio Solution File, Format Version 12.00
# Visual Studio Version 17
VisualStudioVersion = 17.3.32922.545
MinimumVisualStudioVersion = 10.0.40219.1
Project("{9A19103F-16F7-4668-BE54-9A1E7A4F7556}") = "AuthService", "AuthService\AuthService.csproj", "{6F244402-AC61-4349-B97D-8986CBEF562B}"
EndProject
Project("{9A19103F-16F7-4668-BE54-9A1E7A4F7556}") = "AuthServiceTests", "AuthServiceTests\AuthServiceTests.csproj", "{1866639B-7352-47DA-83BB-02BF86DE6423}"
EndProject
Project("{9A19103F-16F7-4668-BE54-9A1E7A4F7556}") = "PPMModelLibrary", "PPMModelLibrary\PPMModelLibrary.csproj", "{BEA5AC49-756D-444F-BEB8-DC10F6D4391A}"
EndProject
Project("{9A19103F-16F7-4668-BE54-9A1E7A4F7556}") = "AuthServiceModelLibrary", "AuthServiceModelLibrary\AuthServiceModelLibrary.csproj", "{D995693B-A77A-4364-A175-AFC4C54529E5}"
EndProject
Project("{2150E333-8FDC-42A3-9474-1A3956D46DE8}") = "Solution Items", "Solution Items", "{25AEF28E-1D4F-408A-8C52-A7034ACFBAE3}"
	ProjectSection(SolutionItems) = preProject
		.env = .env
		Config locations.txt = Config locations.txt
		docker-compose.yml = docker-compose.yml
		Dockerfile.authservice = Dockerfile.authservice
		DockerReadme.txt = DockerReadme.txt
		.github\workflows\MainWorkflow.yml = .github\workflows\MainWorkflow.yml
		README.md = README.md
		RunServers.bat = RunServers.bat
		Vite readme.txt = Vite readme.txt
	EndProjectSection
EndProject
Project("{9A19103F-16F7-4668-BE54-9A1E7A4F7556}") = "PPMAPI", "PPMAPI\PPMAPI.csproj", "{2DE5B299-0D62-41D0-85EA-327A861CFBB9}"
EndProject
Project("{9A19103F-16F7-4668-BE54-9A1E7A4F7556}") = "PPMDTOModelLibrary", "PPMDTOModelLibrary\PPMDTOModelLibrary.csproj", "{EC2F9676-716E-49D7-8357-25CE550EAFB6}"
EndProject
Project("{FAE04EC0-301F-11D3-BF4B-00C04F79EFBC}") = "PPMAPITests", "PPMAPITests\PPMAPITests.csproj", "{3B0C618F-49F2-405F-9C4C-FC726381F0C7}"
EndProject
Project("{FAE04EC0-301F-11D3-BF4B-00C04F79EFBC}") = "PPMDTOTests", "PPMDTOTests\PPMDTOTests.csproj", "{646480F5-1E4C-4C61-8645-4F789612375F}"
EndProject
Global
	GlobalSection(SolutionConfigurationPlatforms) = preSolution
		Debug|Any CPU = Debug|Any CPU
		Release|Any CPU = Release|Any CPU
	EndGlobalSection
	GlobalSection(ProjectConfigurationPlatforms) = postSolution
		{6F244402-AC61-4349-B97D-8986CBEF562B}.Debug|Any CPU.ActiveCfg = Debug|Any CPU
		{6F244402-AC61-4349-B97D-8986CBEF562B}.Debug|Any CPU.Build.0 = Debug|Any CPU
		{6F244402-AC61-4349-B97D-8986CBEF562B}.Release|Any CPU.ActiveCfg = Release|Any CPU
		{6F244402-AC61-4349-B97D-8986CBEF562B}.Release|Any CPU.Build.0 = Release|Any CPU
		{1866639B-7352-47DA-83BB-02BF86DE6423}.Debug|Any CPU.ActiveCfg = Debug|Any CPU
		{1866639B-7352-47DA-83BB-02BF86DE6423}.Debug|Any CPU.Build.0 = Debug|Any CPU
		{1866639B-7352-47DA-83BB-02BF86DE6423}.Release|Any CPU.ActiveCfg = Release|Any CPU
		{1866639B-7352-47DA-83BB-02BF86DE6423}.Release|Any CPU.Build.0 = Release|Any CPU
		{BEA5AC49-756D-444F-BEB8-DC10F6D4391A}.Debug|Any CPU.ActiveCfg = Debug|Any CPU
		{BEA5AC49-756D-444F-BEB8-DC10F6D4391A}.Debug|Any CPU.Build.0 = Debug|Any CPU
		{BEA5AC49-756D-444F-BEB8-DC10F6D4391A}.Release|Any CPU.ActiveCfg = Release|Any CPU
		{BEA5AC49-756D-444F-BEB8-DC10F6D4391A}.Release|Any CPU.Build.0 = Release|Any CPU
		{D995693B-A77A-4364-A175-AFC4C54529E5}.Debug|Any CPU.ActiveCfg = Debug|Any CPU
		{D995693B-A77A-4364-A175-AFC4C54529E5}.Debug|Any CPU.Build.0 = Debug|Any CPU
		{D995693B-A77A-4364-A175-AFC4C54529E5}.Release|Any CPU.ActiveCfg = Release|Any CPU
		{D995693B-A77A-4364-A175-AFC4C54529E5}.Release|Any CPU.Build.0 = Release|Any CPU
		{2DE5B299-0D62-41D0-85EA-327A861CFBB9}.Debug|Any CPU.ActiveCfg = Debug|Any CPU
		{2DE5B299-0D62-41D0-85EA-327A861CFBB9}.Debug|Any CPU.Build.0 = Debug|Any CPU
		{2DE5B299-0D62-41D0-85EA-327A861CFBB9}.Release|Any CPU.ActiveCfg = Release|Any CPU
		{2DE5B299-0D62-41D0-85EA-327A861CFBB9}.Release|Any CPU.Build.0 = Release|Any CPU
		{EC2F9676-716E-49D7-8357-25CE550EAFB6}.Debug|Any CPU.ActiveCfg = Debug|Any CPU
		{EC2F9676-716E-49D7-8357-25CE550EAFB6}.Debug|Any CPU.Build.0 = Debug|Any CPU
		{EC2F9676-716E-49D7-8357-25CE550EAFB6}.Release|Any CPU.ActiveCfg = Release|Any CPU
		{EC2F9676-716E-49D7-8357-25CE550EAFB6}.Release|Any CPU.Build.0 = Release|Any CPU
		{3B0C618F-49F2-405F-9C4C-FC726381F0C7}.Debug|Any CPU.ActiveCfg = Debug|Any CPU
		{3B0C618F-49F2-405F-9C4C-FC726381F0C7}.Debug|Any CPU.Build.0 = Debug|Any CPU
		{3B0C618F-49F2-405F-9C4C-FC726381F0C7}.Release|Any CPU.ActiveCfg = Release|Any CPU
		{3B0C618F-49F2-405F-9C4C-FC726381F0C7}.Release|Any CPU.Build.0 = Release|Any CPU
		{646480F5-1E4C-4C61-8645-4F789612375F}.Debug|Any CPU.ActiveCfg = Debug|Any CPU
		{646480F5-1E4C-4C61-8645-4F789612375F}.Debug|Any CPU.Build.0 = Debug|Any CPU
		{646480F5-1E4C-4C61-8645-4F789612375F}.Release|Any CPU.ActiveCfg = Release|Any CPU
		{646480F5-1E4C-4C61-8645-4F789612375F}.Release|Any CPU.Build.0 = Release|Any CPU
	EndGlobalSection
	GlobalSection(SolutionProperties) = preSolution
		HideSolutionNode = FALSE
	EndGlobalSection
	GlobalSection(ExtensibilityGlobals) = postSolution
		SolutionGuid = {B4BB9B0E-72F5-4FFC-A7D2-579191D2C84E}
	EndGlobalSection
EndGlobal
